// !$*UTF8*$!
{
	archiveVersion = 1;
	classes = {
	};
	objectVersion = 46;
	objects = {

/* Begin PBXBuildFile section */
		EB99780F1A05645900514112 /* AppDelegate.swift in Sources */ = {isa = PBXBuildFile; fileRef = EB99780E1A05645900514112 /* AppDelegate.swift */; };
		EB9978111A05645900514112 /* ViewController.swift in Sources */ = {isa = PBXBuildFile; fileRef = EB9978101A05645900514112 /* ViewController.swift */; };
		EB9978141A05645900514112 /* Main.storyboard in Resources */ = {isa = PBXBuildFile; fileRef = EB9978121A05645900514112 /* Main.storyboard */; };
		EB9978161A05645900514112 /* Images.xcassets in Resources */ = {isa = PBXBuildFile; fileRef = EB9978151A05645900514112 /* Images.xcassets */; };
		EB9978191A05645900514112 /* LaunchScreen.xib in Resources */ = {isa = PBXBuildFile; fileRef = EB9978171A05645900514112 /* LaunchScreen.xib */; };
		EB9978251A05645A00514112 /* ImagesTests.swift in Sources */ = {isa = PBXBuildFile; fileRef = EB9978241A05645A00514112 /* ImagesTests.swift */; };
		EB9978331A056A7C00514112 /* frame1.png in Resources */ = {isa = PBXBuildFile; fileRef = EB99782E1A056A7C00514112 /* frame1.png */; };
		EB9978341A056A7C00514112 /* frame2.png in Resources */ = {isa = PBXBuildFile; fileRef = EB99782F1A056A7C00514112 /* frame2.png */; };
		EB9978351A056A7C00514112 /* frame3.png in Resources */ = {isa = PBXBuildFile; fileRef = EB9978301A056A7C00514112 /* frame3.png */; };
		EB9978361A056A7C00514112 /* frame4.png in Resources */ = {isa = PBXBuildFile; fileRef = EB9978311A056A7C00514112 /* frame4.png */; };
		EB9978371A056A7C00514112 /* frame5.png in Resources */ = {isa = PBXBuildFile; fileRef = EB9978321A056A7C00514112 /* frame5.png */; };
/* End PBXBuildFile section */

/* Begin PBXContainerItemProxy section */
		EB99781F1A05645A00514112 /* PBXContainerItemProxy */ = {
			isa = PBXContainerItemProxy;
			containerPortal = EB9978011A05645900514112 /* Project object */;
			proxyType = 1;
			remoteGlobalIDString = EB9978081A05645900514112;
			remoteInfo = Images;
		};
/* End PBXContainerItemProxy section */

/* Begin PBXFileReference section */
		EB9978091A05645900514112 /* Images.app */ = {isa = PBXFileReference; explicitFileType = wrapper.application; includeInIndex = 0; path = Images.app; sourceTree = BUILT_PRODUCTS_DIR; };
		EB99780D1A05645900514112 /* Info.plist */ = {isa = PBXFileReference; lastKnownFileType = text.plist.xml; path = Info.plist; sourceTree = "<group>"; };
		EB99780E1A05645900514112 /* AppDelegate.swift */ = {isa = PBXFileReference; lastKnownFileType = sourcecode.swift; path = AppDelegate.swift; sourceTree = "<group>"; };
		EB9978101A05645900514112 /* ViewController.swift */ = {isa = PBXFileReference; lastKnownFileType = sourcecode.swift; path = ViewController.swift; sourceTree = "<group>"; };
		EB9978131A05645900514112 /* Base */ = {isa = PBXFileReference; lastKnownFileType = file.storyboard; name = Base; path = Base.lproj/Main.storyboard; sourceTree = "<group>"; };
		EB9978151A05645900514112 /* Images.xcassets */ = {isa = PBXFileReference; lastKnownFileType = folder.assetcatalog; path = Images.xcassets; sourceTree = "<group>"; };
		EB9978181A05645900514112 /* Base */ = {isa = PBXFileReference; lastKnownFileType = file.xib; name = Base; path = Base.lproj/LaunchScreen.xib; sourceTree = "<group>"; };
		EB99781E1A05645A00514112 /* ImagesTests.xctest */ = {isa = PBXFileReference; explicitFileType = wrapper.cfbundle; includeInIndex = 0; path = ImagesTests.xctest; sourceTree = BUILT_PRODUCTS_DIR; };
		EB9978231A05645A00514112 /* Info.plist */ = {isa = PBXFileReference; lastKnownFileType = text.plist.xml; path = Info.plist; sourceTree = "<group>"; };
		EB9978241A05645A00514112 /* ImagesTests.swift */ = {isa = PBXFileReference; lastKnownFileType = sourcecode.swift; path = ImagesTests.swift; sourceTree = "<group>"; };
		EB99782E1A056A7C00514112 /* frame1.png */ = {isa = PBXFileReference; lastKnownFileType = image.png; name = frame1.png; path = ../../../frame1.png; sourceTree = "<group>"; };
		EB99782F1A056A7C00514112 /* frame2.png */ = {isa = PBXFileReference; lastKnownFileType = image.png; name = frame2.png; path = ../../../frame2.png; sourceTree = "<group>"; };
		EB9978301A056A7C00514112 /* frame3.png */ = {isa = PBXFileReference; lastKnownFileType = image.png; name = frame3.png; path = ../../../frame3.png; sourceTree = "<group>"; };
		EB9978311A056A7C00514112 /* frame4.png */ = {isa = PBXFileReference; lastKnownFileType = image.png; name = frame4.png; path = ../../../frame4.png; sourceTree = "<group>"; };
		EB9978321A056A7C00514112 /* frame5.png */ = {isa = PBXFileReference; lastKnownFileType = image.png; name = frame5.png; path = ../../../frame5.png; sourceTree = "<group>"; };
/* End PBXFileReference section */

/* Begin PBXFrameworksBuildPhase section */
		EB9978061A05645900514112 /* Frameworks */ = {
			isa = PBXFrameworksBuildPhase;
			buildActionMask = 2147483647;
			files = (
			);
			runOnlyForDeploymentPostprocessing = 0;
		};
		EB99781B1A05645A00514112 /* Frameworks */ = {
			isa = PBXFrameworksBuildPhase;
			buildActionMask = 2147483647;
			files = (
			);
			runOnlyForDeploymentPostprocessing = 0;
		};
/* End PBXFrameworksBuildPhase section */

/* Begin PBXGroup section */
		EB9978001A05645900514112 = {
			isa = PBXGroup;
			children = (
				EB99780B1A05645900514112 /* Images */,
				EB9978211A05645A00514112 /* ImagesTests */,
				EB99780A1A05645900514112 /* Products */,
			);
			sourceTree = "<group>";
		};
		EB99780A1A05645900514112 /* Products */ = {
			isa = PBXGroup;
			children = (
				EB9978091A05645900514112 /* Images.app */,
				EB99781E1A05645A00514112 /* ImagesTests.xctest */,
			);
			name = Products;
			sourceTree = "<group>";
		};
		EB99780B1A05645900514112 /* Images */ = {
			isa = PBXGroup;
			children = (
				EB99780E1A05645900514112 /* AppDelegate.swift */,
				EB9978101A05645900514112 /* ViewController.swift */,
				EB9978121A05645900514112 /* Main.storyboard */,
				EB9978151A05645900514112 /* Images.xcassets */,
				EB9978171A05645900514112 /* LaunchScreen.xib */,
				EB99780C1A05645900514112 /* Supporting Files */,
			);
			path = Images;
			sourceTree = "<group>";
		};
		EB99780C1A05645900514112 /* Supporting Files */ = {
			isa = PBXGroup;
			children = (
				EB99782E1A056A7C00514112 /* frame1.png */,
				EB99782F1A056A7C00514112 /* frame2.png */,
				EB9978301A056A7C00514112 /* frame3.png */,
				EB9978311A056A7C00514112 /* frame4.png */,
				EB9978321A056A7C00514112 /* frame5.png */,
				EB99780D1A05645900514112 /* Info.plist */,
			);
			name = "Supporting Files";
			sourceTree = "<group>";
		};
		EB9978211A05645A00514112 /* ImagesTests */ = {
			isa = PBXGroup;
			children = (
				EB9978241A05645A00514112 /* ImagesTests.swift */,
				EB9978221A05645A00514112 /* Supporting Files */,
			);
			path = ImagesTests;
			sourceTree = "<group>";
		};
		EB9978221A05645A00514112 /* Supporting Files */ = {
			isa = PBXGroup;
			children = (
				EB9978231A05645A00514112 /* Info.plist */,
			);
			name = "Supporting Files";
			sourceTree = "<group>";
		};
/* End PBXGroup section */

/* Begin PBXNativeTarget section */
		EB9978081A05645900514112 /* Images */ = {
			isa = PBXNativeTarget;
			buildConfigurationList = EB9978281A05645A00514112 /* Build configuration list for PBXNativeTarget "Images" */;
			buildPhases = (
				EB9978051A05645900514112 /* Sources */,
				EB9978061A05645900514112 /* Frameworks */,
				EB9978071A05645900514112 /* Resources */,
			);
			buildRules = (
			);
			dependencies = (
			);
			name = Images;
			productName = Images;
			productReference = EB9978091A05645900514112 /* Images.app */;
			productType = "com.apple.product-type.application";
		};
		EB99781D1A05645A00514112 /* ImagesTests */ = {
			isa = PBXNativeTarget;
			buildConfigurationList = EB99782B1A05645A00514112 /* Build configuration list for PBXNativeTarget "ImagesTests" */;
			buildPhases = (
				EB99781A1A05645A00514112 /* Sources */,
				EB99781B1A05645A00514112 /* Frameworks */,
				EB99781C1A05645A00514112 /* Resources */,
			);
			buildRules = (
			);
			dependencies = (
				EB9978201A05645A00514112 /* PBXTargetDependency */,
			);
			name = ImagesTests;
			productName = ImagesTests;
			productReference = EB99781E1A05645A00514112 /* ImagesTests.xctest */;
			productType = "com.apple.product-type.bundle.unit-test";
		};
/* End PBXNativeTarget section */

/* Begin PBXProject section */
		EB9978011A05645900514112 /* Project object */ = {
			isa = PBXProject;
			attributes = {
				LastUpgradeCheck = 0610;
				ORGANIZATIONNAME = jordan;
				TargetAttributes = {
					EB9978081A05645900514112 = {
						CreatedOnToolsVersion = 6.1;
					};
					EB99781D1A05645A00514112 = {
						CreatedOnToolsVersion = 6.1;
						TestTargetID = EB9978081A05645900514112;
					};
				};
			};
			buildConfigurationList = EB9978041A05645900514112 /* Build configuration list for PBXProject "Images" */;
			compatibilityVersion = "Xcode 3.2";
			developmentRegion = English;
			hasScannedForEncodings = 0;
			knownRegions = (
				en,
				Base,
			);
			mainGroup = EB9978001A05645900514112;
			productRefGroup = EB99780A1A05645900514112 /* Products */;
			projectDirPath = "";
			projectRoot = "";
			targets = (
				EB9978081A05645900514112 /* Images */,
				EB99781D1A05645A00514112 /* ImagesTests */,
			);
		};
/* End PBXProject section */

/* Begin PBXResourcesBuildPhase section */
		EB9978071A05645900514112 /* Resources */ = {
			isa = PBXResourcesBuildPhase;
			buildActionMask = 2147483647;
			files = (
				EB9978341A056A7C00514112 /* frame2.png in Resources */,
				EB9978351A056A7C00514112 /* frame3.png in Resources */,
				EB9978361A056A7C00514112 /* frame4.png in Resources */,
				EB9978141A05645900514112 /* Main.storyboard in Resources */,
				EB9978331A056A7C00514112 /* frame1.png in Resources */,
				EB9978371A056A7C00514112 /* frame5.png in Resources */,
				EB9978191A05645900514112 /* LaunchScreen.xib in Resources */,
				EB9978161A05645900514112 /* Images.xcassets in Resources */,
			);
			runOnlyForDeploymentPostprocessing = 0;
		};
		EB99781C1A05645A00514112 /* Resources */ = {
			isa = PBXResourcesBuildPhase;
			buildActionMask = 2147483647;
			files = (
			);
			runOnlyForDeploymentPostprocessing = 0;
		};
/* End PBXResourcesBuildPhase section */

/* Begin PBXSourcesBuildPhase section */
		EB9978051A05645900514112 /* Sources */ = {
			isa = PBXSourcesBuildPhase;
			buildActionMask = 2147483647;
			files = (
				EB9978111A05645900514112 /* ViewController.swift in Sources */,
				EB99780F1A05645900514112 /* AppDelegate.swift in Sources */,
			);
			runOnlyForDeploymentPostprocessing = 0;
		};
		EB99781A1A05645A00514112 /* Sources */ = {
			isa = PBXSourcesBuildPhase;
			buildActionMask = 2147483647;
			files = (
				EB9978251A05645A00514112 /* ImagesTests.swift in Sources */,
			);
			runOnlyForDeploymentPostprocessing = 0;
		};
/* End PBXSourcesBuildPhase section */

/* Begin PBXTargetDependency section */
		EB9978201A05645A00514112 /* PBXTargetDependency */ = {
			isa = PBXTargetDependency;
			target = EB9978081A05645900514112 /* Images */;
			targetProxy = EB99781F1A05645A00514112 /* PBXContainerItemProxy */;
		};
/* End PBXTargetDependency section */

/* Begin PBXVariantGroup section */
		EB9978121A05645900514112 /* Main.storyboard */ = {
			isa = PBXVariantGroup;
			children = (
				EB9978131A05645900514112 /* Base */,
			);
			name = Main.storyboard;
			sourceTree = "<group>";
		};
		EB9978171A05645900514112 /* LaunchScreen.xib */ = {
			isa = PBXVariantGroup;
			children = (
				EB9978181A05645900514112 /* Base */,
			);
			name = LaunchScreen.xib;
			sourceTree = "<group>";
		};
/* End PBXVariantGroup section */

/* Begin XCBuildConfiguration section */
		EB9978261A05645A00514112 /* Debug */ = {
			isa = XCBuildConfiguration;
			buildSettings = {
				ALWAYS_SEARCH_USER_PATHS = NO;
				CLANG_CXX_LANGUAGE_STANDARD = "gnu++0x";
				CLANG_CXX_LIBRARY = "libc++";
				CLANG_ENABLE_MODULES = YES;
				CLANG_ENABLE_OBJC_ARC = YES;
				CLANG_WARN_BOOL_CONVERSION = YES;
				CLANG_WARN_CONSTANT_CONVERSION = YES;
				CLANG_WARN_DIRECT_OBJC_ISA_USAGE = YES_ERROR;
				CLANG_WARN_EMPTY_BODY = YES;
				CLANG_WARN_ENUM_CONVERSION = YES;
				CLANG_WARN_INT_CONVERSION = YES;
				CLANG_WARN_OBJC_ROOT_CLASS = YES_ERROR;
				CLANG_WARN_UNREACHABLE_CODE = YES;
				CLANG_WARN__DUPLICATE_METHOD_MATCH = YES;
				"CODE_SIGN_IDENTITY[sdk=iphoneos*]" = "iPhone Developer";
				COPY_PHASE_STRIP = NO;
				ENABLE_STRICT_OBJC_MSGSEND = YES;
				GCC_C_LANGUAGE_STANDARD = gnu99;
				GCC_DYNAMIC_NO_PIC = NO;
				GCC_OPTIMIZATION_LEVEL = 0;
				GCC_PREPROCESSOR_DEFINITIONS = (
					"DEBUG=1",
					"$(inherited)",
				);
				GCC_SYMBOLS_PRIVATE_EXTERN = NO;
				GCC_WARN_64_TO_32_BIT_CONVERSION = YES;
				GCC_WARN_ABOUT_RETURN_TYPE = YES_ERROR;
				GCC_WARN_UNDECLARED_SELECTOR = YES;
				GCC_WARN_UNINITIALIZED_AUTOS = YES_AGGRESSIVE;
				GCC_WARN_UNUSED_FUNCTION = YES;
				GCC_WARN_UNUSED_VARIABLE = YES;
				IPHONEOS_DEPLOYMENT_TARGET = 8.1;
				MTL_ENABLE_DEBUG_INFO = YES;
				ONLY_ACTIVE_ARCH = YES;
				SDKROOT = iphoneos;
				SWIFT_OPTIMIZATION_LEVEL = "-Onone";
			};
			name = Debug;
		};
		EB9978271A05645A00514112 /* Release */ = {
			isa = XCBuildConfiguration;
			buildSettings = {
				ALWAYS_SEARCH_USER_PATHS = NO;
				CLANG_CXX_LANGUAGE_STANDARD = "gnu++0x";
				CLANG_CXX_LIBRARY = "libc++";
				CLANG_ENABLE_MODULES = YES;
				CLANG_ENABLE_OBJC_ARC = YES;
				CLANG_WARN_BOOL_CONVERSION = YES;
				CLANG_WARN_CONSTANT_CONVERSION = YES;
				CLANG_WARN_DIRECT_OBJC_ISA_USAGE = YES_ERROR;
				CLANG_WARN_EMPTY_BODY = YES;
				CLANG_WARN_ENUM_CONVERSION = YES;
				CLANG_WARN_INT_CONVERSION = YES;
				CLANG_WARN_OBJC_ROOT_CLASS = YES_ERROR;
				CLANG_WARN_UNREACHABLE_CODE = YES;
				CLANG_WARN__DUPLICATE_METHOD_MATCH = YES;
				"CODE_SIGN_IDENTITY[sdk=iphoneos*]" = "iPhone Developer";
				COPY_PHASE_STRIP = YES;
				ENABLE_NS_ASSERTIONS = NO;
				ENABLE_STRICT_OBJC_MSGSEND = YES;
				GCC_C_LANGUAGE_STANDARD = gnu99;
				GCC_WARN_64_TO_32_BIT_CONVERSION = YES;
				GCC_WARN_ABOUT_RETURN_TYPE = YES_ERROR;
				GCC_WARN_UNDECLARED_SELECTOR = YES;
				GCC_WARN_UNINITIALIZED_AUTOS = YES_AGGRESSIVE;
				GCC_WARN_UNUSED_FUNCTION = YES;
				GCC_WARN_UNUSED_VARIABLE = YES;
				IPHONEOS_DEPLOYMENT_TARGET = 8.1;
				MTL_ENABLE_DEBUG_INFO = NO;
				SDKROOT = iphoneos;
				VALIDATE_PRODUCT = YES;
			};
			name = Release;
		};
		EB9978291A05645A00514112 /* Debug */ = {
			isa = XCBuildConfiguration;
			buildSettings = {
				ASSETCATALOG_COMPILER_APPICON_NAME = AppIcon;
				INFOPLIST_FILE = Images/Info.plist;
				LD_RUNPATH_SEARCH_PATHS = "$(inherited) @executable_path/Frameworks";
				PRODUCT_NAME = "$(TARGET_NAME)";
			};
			name = Debug;
		};
		EB99782A1A05645A00514112 /* Release */ = {
			isa = XCBuildConfiguration;
			buildSettings = {
				ASSETCATALOG_COMPILER_APPICON_NAME = AppIcon;
				INFOPLIST_FILE = Images/Info.plist;
				LD_RUNPATH_SEARCH_PATHS = "$(inherited) @executable_path/Frameworks";
				PRODUCT_NAME = "$(TARGET_NAME)";
			};
			name = Release;
		};
		EB99782C1A05645A00514112 /* Debug */ = {
			isa = XCBuildConfiguration;
			buildSettings = {
				BUNDLE_LOADER = "$(TEST_HOST)";
				FRAMEWORK_SEARCH_PATHS = (
					"$(SDKROOT)/Developer/Library/Frameworks",
					"$(inherited)",
				);
				GCC_PREPROCESSOR_DEFINITIONS = (
					"DEBUG=1",
					"$(inherited)",
				);
				INFOPLIST_FILE = ImagesTests/Info.plist;
				LD_RUNPATH_SEARCH_PATHS = "$(inherited) @executable_path/Frameworks @loader_path/Frameworks";
				PRODUCT_NAME = "$(TARGET_NAME)";
				TEST_HOST = "$(BUILT_PRODUCTS_DIR)/Images.app/Images";
			};
			name = Debug;
		};
		EB99782D1A05645A00514112 /* Release */ = {
			isa = XCBuildConfiguration;
			buildSettings = {
				BUNDLE_LOADER = "$(TEST_HOST)";
				FRAMEWORK_SEARCH_PATHS = (
					"$(SDKROOT)/Developer/Library/Frameworks",
					"$(inherited)",
				);
				INFOPLIST_FILE = ImagesTests/Info.plist;
				LD_RUNPATH_SEARCH_PATHS = "$(inherited) @executable_path/Frameworks @loader_path/Frameworks";
				PRODUCT_NAME = "$(TARGET_NAME)";
				TEST_HOST = "$(BUILT_PRODUCTS_DIR)/Images.app/Images";
			};
			name = Release;
		};
/* End XCBuildConfiguration section */

/* Begin XCConfigurationList section */
		EB9978041A05645900514112 /* Build configuration list for PBXProject "Images" */ = {
			isa = XCConfigurationList;
			buildConfigurations = (
				EB9978261A05645A00514112 /* Debug */,
				EB9978271A05645A00514112 /* Release */,
			);
			defaultConfigurationIsVisible = 0;
			defaultConfigurationName = Release;
		};
		EB9978281A05645A00514112 /* Build configuration list for PBXNativeTarget "Images" */ = {
			isa = XCConfigurationList;
			buildConfigurations = (
				EB9978291A05645A00514112 /* Debug */,
				EB99782A1A05645A00514112 /* Release */,
			);
			defaultConfigurationIsVisible = 0;
		};
		EB99782B1A05645A00514112 /* Build configuration list for PBXNativeTarget "ImagesTests" */ = {
			isa = XCConfigurationList;
			buildConfigurations = (
				EB99782C1A05645A00514112 /* Debug */,
				EB99782D1A05645A00514112 /* Release */,
			);
			defaultConfigurationIsVisible = 0;
		};
/* End XCConfigurationList section */
	};
	rootObject = EB9978011A05645900514112 /* Project object */;
}
